// !$*UTF8*$!
{
	archiveVersion = 1;
	classes = {
	};
	objectVersion = 48;
	objects = {

/* Begin PBXBuildFile section */
		4E38BBF5203EACB3003285CF /* ROUBaseViewController.m in Sources */ = {isa = PBXBuildFile; fileRef = 4E38BBF0203EACB3003285CF /* ROUBaseViewController.m */; };
		4E38BBF6203EACB3003285CF /* ROUEntery.m in Sources */ = {isa = PBXBuildFile; fileRef = 4E38BBF1203EACB3003285CF /* ROUEntery.m */; };
		4E38BBF7203EACB3003285CF /* route.plist in Resources */ = {isa = PBXBuildFile; fileRef = 4E38BBF2203EACB3003285CF /* route.plist */; };
		4E587AE5203E6C8900F1420F /* AppDelegate.m in Sources */ = {isa = PBXBuildFile; fileRef = 4E587AE4203E6C8900F1420F /* AppDelegate.m */; };
		4E587AE8203E6C8900F1420F /* ViewController.m in Sources */ = {isa = PBXBuildFile; fileRef = 4E587AE7203E6C8900F1420F /* ViewController.m */; };
		4E587AEB203E6C8900F1420F /* Main.storyboard in Resources */ = {isa = PBXBuildFile; fileRef = 4E587AE9203E6C8900F1420F /* Main.storyboard */; };
		4E587AED203E6C8900F1420F /* Assets.xcassets in Resources */ = {isa = PBXBuildFile; fileRef = 4E587AEC203E6C8900F1420F /* Assets.xcassets */; };
		4E587AF0203E6C8900F1420F /* LaunchScreen.storyboard in Resources */ = {isa = PBXBuildFile; fileRef = 4E587AEE203E6C8900F1420F /* LaunchScreen.storyboard */; };
		4E587AF3203E6C8900F1420F /* main.m in Sources */ = {isa = PBXBuildFile; fileRef = 4E587AF2203E6C8900F1420F /* main.m */; };
/* End PBXBuildFile section */

/* Begin PBXFileReference section */
		4E38BBF0203EACB3003285CF /* ROUBaseViewController.m */ = {isa = PBXFileReference; fileEncoding = 4; lastKnownFileType = sourcecode.c.objc; path = ROUBaseViewController.m; sourceTree = "<group>"; };
		4E38BBF1203EACB3003285CF /* ROUEntery.m */ = {isa = PBXFileReference; fileEncoding = 4; lastKnownFileType = sourcecode.c.objc; path = ROUEntery.m; sourceTree = "<group>"; };
		4E38BBF2203EACB3003285CF /* route.plist */ = {isa = PBXFileReference; fileEncoding = 4; lastKnownFileType = text.plist.xml; path = route.plist; sourceTree = "<group>"; };
		4E38BBF3203EACB3003285CF /* ROUBaseViewController.h */ = {isa = PBXFileReference; fileEncoding = 4; lastKnownFileType = sourcecode.c.h; path = ROUBaseViewController.h; sourceTree = "<group>"; };
		4E38BBF4203EACB3003285CF /* ROUEntery.h */ = {isa = PBXFileReference; fileEncoding = 4; lastKnownFileType = sourcecode.c.h; path = ROUEntery.h; sourceTree = "<group>"; };
		4E587AE0203E6C8900F1420F /* route.app */ = {isa = PBXFileReference; explicitFileType = wrapper.application; includeInIndex = 0; path = route.app; sourceTree = BUILT_PRODUCTS_DIR; };
		4E587AE3203E6C8900F1420F /* AppDelegate.h */ = {isa = PBXFileReference; lastKnownFileType = sourcecode.c.h; path = AppDelegate.h; sourceTree = "<group>"; };
		4E587AE4203E6C8900F1420F /* AppDelegate.m */ = {isa = PBXFileReference; lastKnownFileType = sourcecode.c.objc; path = AppDelegate.m; sourceTree = "<group>"; };
		4E587AE6203E6C8900F1420F /* ViewController.h */ = {isa = PBXFileReference; lastKnownFileType = sourcecode.c.h; path = ViewController.h; sourceTree = "<group>"; };
		4E587AE7203E6C8900F1420F /* ViewController.m */ = {isa = PBXFileReference; lastKnownFileType = sourcecode.c.objc; path = ViewController.m; sourceTree = "<group>"; };
		4E587AEA203E6C8900F1420F /* Base */ = {isa = PBXFileReference; lastKnownFileType = file.storyboard; name = Base; path = Base.lproj/Main.storyboard; sourceTree = "<group>"; };
		4E587AEC203E6C8900F1420F /* Assets.xcassets */ = {isa = PBXFileReference; lastKnownFileType = folder.assetcatalog; path = Assets.xcassets; sourceTree = "<group>"; };
		4E587AEF203E6C8900F1420F /* Base */ = {isa = PBXFileReference; lastKnownFileType = file.storyboard; name = Base; path = Base.lproj/LaunchScreen.storyboard; sourceTree = "<group>"; };
		4E587AF1203E6C8900F1420F /* Info.plist */ = {isa = PBXFileReference; lastKnownFileType = text.plist.xml; path = Info.plist; sourceTree = "<group>"; };
		4E587AF2203E6C8900F1420F /* main.m */ = {isa = PBXFileReference; lastKnownFileType = sourcecode.c.objc; path = main.m; sourceTree = "<group>"; };
/* End PBXFileReference section */

/* Begin PBXFrameworksBuildPhase section */
		4E587ADD203E6C8900F1420F /* Frameworks */ = {
			isa = PBXFrameworksBuildPhase;
			buildActionMask = 2147483647;
			files = (
			);
			runOnlyForDeploymentPostprocessing = 0;
		};
/* End PBXFrameworksBuildPhase section */

/* Begin PBXGroup section */
		4E38BBEF203EACB3003285CF /* Core */ = {
			isa = PBXGroup;
			children = (
				4E38BBF0203EACB3003285CF /* ROUBaseViewController.m */,
				4E38BBF1203EACB3003285CF /* ROUEntery.m */,
				4E38BBF2203EACB3003285CF /* route.plist */,
				4E38BBF3203EACB3003285CF /* ROUBaseViewController.h */,
				4E38BBF4203EACB3003285CF /* ROUEntery.h */,
			);
			path = Core;
			sourceTree = "<group>";
		};
		4E587AD7203E6C8900F1420F = {
			isa = PBXGroup;
			children = (
				4E587AE2203E6C8900F1420F /* route */,
				4E587AE1203E6C8900F1420F /* Products */,
			);
			sourceTree = "<group>";
		};
		4E587AE1203E6C8900F1420F /* Products */ = {
			isa = PBXGroup;
			children = (
				4E587AE0203E6C8900F1420F /* route.app */,
			);
			name = Products;
			sourceTree = "<group>";
		};
		4E587AE2203E6C8900F1420F /* route */ = {
			isa = PBXGroup;
			children = (
				4E38BBEF203EACB3003285CF /* Core */,
				4E587AE3203E6C8900F1420F /* AppDelegate.h */,
				4E587AE4203E6C8900F1420F /* AppDelegate.m */,
				4E587AE6203E6C8900F1420F /* ViewController.h */,
				4E587AE7203E6C8900F1420F /* ViewController.m */,
				4E587AE9203E6C8900F1420F /* Main.storyboard */,
				4E587AEC203E6C8900F1420F /* Assets.xcassets */,
				4E587AEE203E6C8900F1420F /* LaunchScreen.storyboard */,
				4E587AF1203E6C8900F1420F /* Info.plist */,
				4E587AF2203E6C8900F1420F /* main.m */,
			);
			path = route;
			sourceTree = "<group>";
		};
/* End PBXGroup section */

/* Begin PBXNativeTarget section */
		4E587ADF203E6C8900F1420F /* route */ = {
			isa = PBXNativeTarget;
			buildConfigurationList = 4E587AF6203E6C8900F1420F /* Build configuration list for PBXNativeTarget "route" */;
			buildPhases = (
				4E587ADC203E6C8900F1420F /* Sources */,
				4E587ADD203E6C8900F1420F /* Frameworks */,
				4E587ADE203E6C8900F1420F /* Resources */,
			);
			buildRules = (
			);
			dependencies = (
			);
			name = route;
			productName = route;
			productReference = 4E587AE0203E6C8900F1420F /* route.app */;
			productType = "com.apple.product-type.application";
		};
/* End PBXNativeTarget section */

/* Begin PBXProject section */
		4E587AD8203E6C8900F1420F /* Project object */ = {
			isa = PBXProject;
			attributes = {
				LastUpgradeCheck = 0920;
				ORGANIZATIONNAME = hanjiatong;
				TargetAttributes = {
					4E587ADF203E6C8900F1420F = {
						CreatedOnToolsVersion = 9.2;
						ProvisioningStyle = Automatic;
					};
				};
			};
			buildConfigurationList = 4E587ADB203E6C8900F1420F /* Build configuration list for PBXProject "route" */;
			compatibilityVersion = "Xcode 8.0";
			developmentRegion = en;
			hasScannedForEncodings = 0;
			knownRegions = (
				en,
				Base,
			);
			mainGroup = 4E587AD7203E6C8900F1420F;
			productRefGroup = 4E587AE1203E6C8900F1420F /* Products */;
			projectDirPath = "";
			projectRoot = "";
			targets = (
				4E587ADF203E6C8900F1420F /* route */,
			);
		};
/* End PBXProject section */

/* Begin PBXResourcesBuildPhase section */
		4E587ADE203E6C8900F1420F /* Resources */ = {
			isa = PBXResourcesBuildPhase;
			buildActionMask = 2147483647;
			files = (
				4E38BBF7203EACB3003285CF /* route.plist in Resources */,
				4E587AF0203E6C8900F1420F /* LaunchScreen.storyboard in Resources */,
				4E587AED203E6C8900F1420F /* Assets.xcassets in Resources */,
				4E587AEB203E6C8900F1420F /* Main.storyboard in Resources */,
			);
			runOnlyForDeploymentPostprocessing = 0;
		};
/* End PBXResourcesBuildPhase section */

/* Begin PBXSourcesBuildPhase section */
		4E587ADC203E6C8900F1420F /* Sources */ = {
			isa = PBXSourcesBuildPhase;
			buildActionMask = 2147483647;
			files = (
				4E587AE8203E6C8900F1420F /* ViewController.m in Sources */,
				4E587AF3203E6C8900F1420F /* main.m in Sources */,
				4E38BBF5203EACB3003285CF /* ROUBaseViewController.m in Sources */,
				4E587AE5203E6C8900F1420F /* AppDelegate.m in Sources */,
				4E38BBF6203EACB3003285CF /* ROUEntery.m in Sources */,
			);
			runOnlyForDeploymentPostprocessing = 0;
		};
/* End PBXSourcesBuildPhase section */

/* Begin PBXVariantGroup section */
		4E587AE9203E6C8900F1420F /* Main.storyboard */ = {
			isa = PBXVariantGroup;
			children = (
				4E587AEA203E6C8900F1420F /* Base */,
			);
			name = Main.storyboard;
			sourceTree = "<group>";
		};
		4E587AEE203E6C8900F1420F /* LaunchScreen.storyboard */ = {
			isa = PBXVariantGroup;
			children = (
				4E587AEF203E6C8900F1420F /* Base */,
			);
			name = LaunchScreen.storyboard;
			sourceTree = "<group>";
		};
/* End PBXVariantGroup section */

/* Begin XCBuildConfiguration section */
		4E587AF4203E6C8900F1420F /* Debug */ = {
			isa = XCBuildConfiguration;
			buildSettings = {
				ALWAYS_SEARCH_USER_PATHS = NO;
				CLANG_ANALYZER_NONNULL = YES;
				CLANG_ANALYZER_NUMBER_OBJECT_CONVERSION = YES_AGGRESSIVE;
				CLANG_CXX_LANGUAGE_STANDARD = "gnu++14";
				CLANG_CXX_LIBRARY = "libc++";
				CLANG_ENABLE_MODULES = YES;
				CLANG_ENABLE_OBJC_ARC = YES;
				CLANG_WARN_BLOCK_CAPTURE_AUTORELEASING = YES;
				CLANG_WARN_BOOL_CONVERSION = YES;
				CLANG_WARN_COMMA = YES;
				CLANG_WARN_CONSTANT_CONVERSION = YES;
				CLANG_WARN_DIRECT_OBJC_ISA_USAGE = YES_ERROR;
				CLANG_WARN_DOCUMENTATION_COMMENTS = YES;
				CLANG_WARN_EMPTY_BODY = YES;
				CLANG_WARN_ENUM_CONVERSION = YES;
				CLANG_WARN_INFINITE_RECURSION = YES;
				CLANG_WARN_INT_CONVERSION = YES;
				CLANG_WARN_NON_LITERAL_NULL_CONVERSION = YES;
				CLANG_WARN_OBJC_LITERAL_CONVERSION = YES;
				CLANG_WARN_OBJC_ROOT_CLASS = YES_ERROR;
				CLANG_WARN_RANGE_LOOP_ANALYSIS = YES;
				CLANG_WARN_STRICT_PROTOTYPES = YES;
				CLANG_WARN_SUSPICIOUS_MOVE = YES;
				CLANG_WARN_UNGUARDED_AVAILABILITY = YES_AGGRESSIVE;
				CLANG_WARN_UNREACHABLE_CODE = YES;
				CLANG_WARN__DUPLICATE_METHOD_MATCH = YES;
				CODE_SIGN_IDENTITY = "iPhone Developer";
				COPY_PHASE_STRIP = NO;
				DEBUG_INFORMATION_FORMAT = dwarf;
				ENABLE_STRICT_OBJC_MSGSEND = YES;
				ENABLE_TESTABILITY = YES;
				GCC_C_LANGUAGE_STANDARD = gnu11;
				GCC_DYNAMIC_NO_PIC = NO;
				GCC_NO_COMMON_BLOCKS = YES;
				GCC_OPTIMIZATION_LEVEL = 0;
				GCC_PREPROCESSOR_DEFINITIONS = (
					"DEBUG=1",
					"$(inherited)",
				);
				GCC_WARN_64_TO_32_BIT_CONVERSION = YES;
				GCC_WARN_ABOUT_RETURN_TYPE = YES_ERROR;
				GCC_WARN_UNDECLARED_SELECTOR = YES;
				GCC_WARN_UNINITIALIZED_AUTOS = YES_AGGRESSIVE;
				GCC_WARN_UNUSED_FUNCTION = YES;
				GCC_WARN_UNUSED_VARIABLE = YES;
				IPHONEOS_DEPLOYMENT_TARGET = 11.2;
				MTL_ENABLE_DEBUG_INFO = YES;
				ONLY_ACTIVE_ARCH = YES;
				SDKROOT = iphoneos;
			};
			name = Debug;
		};
		4E587AF5203E6C8900F1420F /* Release */ = {
			isa = XCBuildConfiguration;
			buildSettings = {
				ALWAYS_SEARCH_USER_PATHS = NO;
				CLANG_ANALYZER_NONNULL = YES;
				CLANG_ANALYZER_NUMBER_OBJECT_CONVERSION = YES_AGGRESSIVE;
				CLANG_CXX_LANGUAGE_STANDARD = "gnu++14";
				CLANG_CXX_LIBRARY = "libc++";
				CLANG_ENABLE_MODULES = YES;
				CLANG_ENABLE_OBJC_ARC = YES;
				CLANG_WARN_BLOCK_CAPTURE_AUTORELEASING = YES;
				CLANG_WARN_BOOL_CONVERSION = YES;
				CLANG_WARN_COMMA = YES;
				CLANG_WARN_CONSTANT_CONVERSION = YES;
				CLANG_WARN_DIRECT_OBJC_ISA_USAGE = YES_ERROR;
				CLANG_WARN_DOCUMENTATION_COMMENTS = YES;
				CLANG_WARN_EMPTY_BODY = YES;
				CLANG_WARN_ENUM_CONVERSION = YES;
				CLANG_WARN_INFINITE_RECURSION = YES;
				CLANG_WARN_INT_CONVERSION = YES;
				CLANG_WARN_NON_LITERAL_NULL_CONVERSION = YES;
				CLANG_WARN_OBJC_LITERAL_CONVERSION = YES;
				CLANG_WARN_OBJC_ROOT_CLASS = YES_ERROR;
				CLANG_WARN_RANGE_LOOP_ANALYSIS = YES;
				CLANG_WARN_STRICT_PROTOTYPES = YES;
				CLANG_WARN_SUSPICIOUS_MOVE = YES;
				CLANG_WARN_UNGUARDED_AVAILABILITY = YES_AGGRESSIVE;
				CLANG_WARN_UNREACHABLE_CODE = YES;
				CLANG_WARN__DUPLICATE_METHOD_MATCH = YES;
				CODE_SIGN_IDENTITY = "iPhone Developer";
				COPY_PHASE_STRIP = NO;
				DEBUG_INFORMATION_FORMAT = "dwarf-with-dsym";
				ENABLE_NS_ASSERTIONS = NO;
				ENABLE_STRICT_OBJC_MSGSEND = YES;
				GCC_C_LANGUAGE_STANDARD = gnu11;
				GCC_NO_COMMON_BLOCKS = YES;
				GCC_WARN_64_TO_32_BIT_CONVERSION = YES;
				GCC_WARN_ABOUT_RETURN_TYPE = YES_ERROR;
				GCC_WARN_UNDECLARED_SELECTOR = YES;
				GCC_WARN_UNINITIALIZED_AUTOS = YES_AGGRESSIVE;
				GCC_WARN_UNUSED_FUNCTION = YES;
				GCC_WARN_UNUSED_VARIABLE = YES;
				IPHONEOS_DEPLOYMENT_TARGET = 11.2;
				MTL_ENABLE_DEBUG_INFO = NO;
				SDKROOT = iphoneos;
				VALIDATE_PRODUCT = YES;
			};
			name = Release;
		};
		4E587AF7203E6C8900F1420F /* Debug */ = {
			isa = XCBuildConfiguration;
			buildSettings = {
				ASSETCATALOG_COMPILER_APPICON_NAME = AppIcon;
				CODE_SIGN_STYLE = Automatic;
				DEVELOPMENT_TEAM = JJZKLDSJ6B;
				INFOPLIST_FILE = route/Info.plist;
				LD_RUNPATH_SEARCH_PATHS = "$(inherited) @executable_path/Frameworks";
				PRODUCT_BUNDLE_IDENTIFIER = com.hanjiatong.route;
				PRODUCT_NAME = "$(TARGET_NAME)";
				TARGETED_DEVICE_FAMILY = "1,2";
			};
			name = Debug;
		};
		4E587AF8203E6C8900F1420F /* Release */ = {
			isa = XCBuildConfiguration;
			buildSettings = {
				ASSETCATALOG_COMPILER_APPICON_NAME = AppIcon;
				CODE_SIGN_STYLE = Automatic;
				DEVELOPMENT_TEAM = JJZKLDSJ6B;
				INFOPLIST_FILE = route/Info.plist;
				LD_RUNPATH_SEARCH_PATHS = "$(inherited) @executable_path/Frameworks";
				PRODUCT_BUNDLE_IDENTIFIER = com.hanjiatong.route;
				PRODUCT_NAME = "$(TARGET_NAME)";
				TARGETED_DEVICE_FAMILY = "1,2";
			};
			name = Release;
		};
/* End XCBuildConfiguration section */

/* Begin XCConfigurationList section */
		4E587ADB203E6C8900F1420F /* Build configuration list for PBXProject "route" */ = {
			isa = XCConfigurationList;
			buildConfigurations = (
				4E587AF4203E6C8900F1420F /* Debug */,
				4E587AF5203E6C8900F1420F /* Release */,
			);
			defaultConfigurationIsVisible = 0;
			defaultConfigurationName = Release;
		};
		4E587AF6203E6C8900F1420F /* Build configuration list for PBXNativeTarget "route" */ = {
			isa = XCConfigurationList;
			buildConfigurations = (
				4E587AF7203E6C8900F1420F /* Debug */,
				4E587AF8203E6C8900F1420F /* Release */,
			);
			defaultConfigurationIsVisible = 0;
			defaultConfigurationName = Release;
		};
/* End XCConfigurationList section */
	};
	rootObject = 4E587AD8203E6C8900F1420F /* Project object */;
}
