// !$*UTF8*$!
{
	archiveVersion = 1;
	classes = {
	};
	objectVersion = 48;
	objects = {

/* Begin PBXBuildFile section */
		4E00D0C0203FEE26003DEB78 /* PresentViewController.m in Sources */ = {isa = PBXBuildFile; fileRef = 4E00D0BE203FEE26003DEB78 /* PresentViewController.m */; };
		4E00D0C1203FEE26003DEB78 /* PresentViewController.xib in Resources */ = {isa = PBXBuildFile; fileRef = 4E00D0BF203FEE26003DEB78 /* PresentViewController.xib */; };
		4E00D0C5203FEE36003DEB78 /* PushViewController.m in Sources */ = {isa = PBXBuildFile; fileRef = 4E00D0C3203FEE36003DEB78 /* PushViewController.m */; };
		4E00D0C6203FEE36003DEB78 /* PushViewController.xib in Resources */ = {isa = PBXBuildFile; fileRef = 4E00D0C4203FEE36003DEB78 /* PushViewController.xib */; };
		4E587AE5203E6C8900F1420F /* AppDelegate.m in Sources */ = {isa = PBXBuildFile; fileRef = 4E587AE4203E6C8900F1420F /* AppDelegate.m */; };
		4E587AED203E6C8900F1420F /* Assets.xcassets in Resources */ = {isa = PBXBuildFile; fileRef = 4E587AEC203E6C8900F1420F /* Assets.xcassets */; };
		4E587AF0203E6C8900F1420F /* LaunchScreen.storyboard in Resources */ = {isa = PBXBuildFile; fileRef = 4E587AEE203E6C8900F1420F /* LaunchScreen.storyboard */; };
		4E587AF3203E6C8900F1420F /* main.m in Sources */ = {isa = PBXBuildFile; fileRef = 4E587AF2203E6C8900F1420F /* main.m */; };
		4E7C2AA9203EB52D001E069E /* ListViewController.xib in Resources */ = {isa = PBXBuildFile; fileRef = 4E7C2AA6203EB52D001E069E /* ListViewController.xib */; };
		4E7C2AAA203EB52D001E069E /* ListViewController.m in Sources */ = {isa = PBXBuildFile; fileRef = 4E7C2AA7203EB52D001E069E /* ListViewController.m */; };
		4E7C2AAE203EB53C001E069E /* DetailViewController.m in Sources */ = {isa = PBXBuildFile; fileRef = 4E7C2AAC203EB53C001E069E /* DetailViewController.m */; };
		4E7C2AAF203EB53C001E069E /* DetailViewController.xib in Resources */ = {isa = PBXBuildFile; fileRef = 4E7C2AAD203EB53C001E069E /* DetailViewController.xib */; };
		4E7C2AB2203EB670001E069E /* ListTableViewObject.m in Sources */ = {isa = PBXBuildFile; fileRef = 4E7C2AB1203EB670001E069E /* ListTableViewObject.m */; };
		633978DD2127184200056838 /* ROUBlankViewController.xib in Resources */ = {isa = PBXBuildFile; fileRef = 633978CB2127184200056838 /* ROUBlankViewController.xib */; };
		633978DE2127184200056838 /* ROUWebViewController.m in Sources */ = {isa = PBXBuildFile; fileRef = 633978CC2127184200056838 /* ROUWebViewController.m */; };
		633978DF2127184200056838 /* ROUNavigator.m in Sources */ = {isa = PBXBuildFile; fileRef = 633978CD2127184200056838 /* ROUNavigator.m */; };
		633978E02127184200056838 /* ROUWebViewController.xib in Resources */ = {isa = PBXBuildFile; fileRef = 633978CE2127184200056838 /* ROUWebViewController.xib */; };
		633978E12127184200056838 /* ROUBlankViewController.m in Sources */ = {isa = PBXBuildFile; fileRef = 633978D02127184200056838 /* ROUBlankViewController.m */; };
		633978E22127184200056838 /* route.plist in Resources */ = {isa = PBXBuildFile; fileRef = 633978D32127184200056838 /* route.plist */; };
		633978E32127184200056838 /* NSURL+Addition.m in Sources */ = {isa = PBXBuildFile; fileRef = 633978D72127184200056838 /* NSURL+Addition.m */; };
		633978E42127184200056838 /* ROURouter.m in Sources */ = {isa = PBXBuildFile; fileRef = 633978D92127184200056838 /* ROURouter.m */; };
		633978E52127184200056838 /* ROUEntery.m in Sources */ = {isa = PBXBuildFile; fileRef = 633978DA2127184200056838 /* ROUEntery.m */; };
/* End PBXBuildFile section */

/* Begin PBXFileReference section */
		4E00D0BD203FEE26003DEB78 /* PresentViewController.h */ = {isa = PBXFileReference; lastKnownFileType = sourcecode.c.h; path = PresentViewController.h; sourceTree = "<group>"; };
		4E00D0BE203FEE26003DEB78 /* PresentViewController.m */ = {isa = PBXFileReference; lastKnownFileType = sourcecode.c.objc; path = PresentViewController.m; sourceTree = "<group>"; };
		4E00D0BF203FEE26003DEB78 /* PresentViewController.xib */ = {isa = PBXFileReference; lastKnownFileType = file.xib; path = PresentViewController.xib; sourceTree = "<group>"; };
		4E00D0C2203FEE36003DEB78 /* PushViewController.h */ = {isa = PBXFileReference; lastKnownFileType = sourcecode.c.h; path = PushViewController.h; sourceTree = "<group>"; };
		4E00D0C3203FEE36003DEB78 /* PushViewController.m */ = {isa = PBXFileReference; lastKnownFileType = sourcecode.c.objc; path = PushViewController.m; sourceTree = "<group>"; };
		4E00D0C4203FEE36003DEB78 /* PushViewController.xib */ = {isa = PBXFileReference; lastKnownFileType = file.xib; path = PushViewController.xib; sourceTree = "<group>"; };
		4E587AE0203E6C8900F1420F /* route.app */ = {isa = PBXFileReference; explicitFileType = wrapper.application; includeInIndex = 0; path = route.app; sourceTree = BUILT_PRODUCTS_DIR; };
		4E587AE3203E6C8900F1420F /* AppDelegate.h */ = {isa = PBXFileReference; lastKnownFileType = sourcecode.c.h; path = AppDelegate.h; sourceTree = "<group>"; };
		4E587AE4203E6C8900F1420F /* AppDelegate.m */ = {isa = PBXFileReference; lastKnownFileType = sourcecode.c.objc; path = AppDelegate.m; sourceTree = "<group>"; };
		4E587AEC203E6C8900F1420F /* Assets.xcassets */ = {isa = PBXFileReference; lastKnownFileType = folder.assetcatalog; path = Assets.xcassets; sourceTree = "<group>"; };
		4E587AEF203E6C8900F1420F /* Base */ = {isa = PBXFileReference; lastKnownFileType = file.storyboard; name = Base; path = Base.lproj/LaunchScreen.storyboard; sourceTree = "<group>"; };
		4E587AF1203E6C8900F1420F /* Info.plist */ = {isa = PBXFileReference; lastKnownFileType = text.plist.xml; path = Info.plist; sourceTree = "<group>"; };
		4E587AF2203E6C8900F1420F /* main.m */ = {isa = PBXFileReference; lastKnownFileType = sourcecode.c.objc; path = main.m; sourceTree = "<group>"; };
		4E7C2AA6203EB52D001E069E /* ListViewController.xib */ = {isa = PBXFileReference; fileEncoding = 4; lastKnownFileType = file.xib; path = ListViewController.xib; sourceTree = "<group>"; };
		4E7C2AA7203EB52D001E069E /* ListViewController.m */ = {isa = PBXFileReference; fileEncoding = 4; lastKnownFileType = sourcecode.c.objc; path = ListViewController.m; sourceTree = "<group>"; };
		4E7C2AA8203EB52D001E069E /* ListViewController.h */ = {isa = PBXFileReference; fileEncoding = 4; lastKnownFileType = sourcecode.c.h; path = ListViewController.h; sourceTree = "<group>"; };
		4E7C2AAB203EB53C001E069E /* DetailViewController.h */ = {isa = PBXFileReference; lastKnownFileType = sourcecode.c.h; path = DetailViewController.h; sourceTree = "<group>"; };
		4E7C2AAC203EB53C001E069E /* DetailViewController.m */ = {isa = PBXFileReference; lastKnownFileType = sourcecode.c.objc; path = DetailViewController.m; sourceTree = "<group>"; };
		4E7C2AAD203EB53C001E069E /* DetailViewController.xib */ = {isa = PBXFileReference; lastKnownFileType = file.xib; path = DetailViewController.xib; sourceTree = "<group>"; };
		4E7C2AB0203EB670001E069E /* ListTableViewObject.h */ = {isa = PBXFileReference; lastKnownFileType = sourcecode.c.h; path = ListTableViewObject.h; sourceTree = "<group>"; };
		4E7C2AB1203EB670001E069E /* ListTableViewObject.m */ = {isa = PBXFileReference; lastKnownFileType = sourcecode.c.objc; path = ListTableViewObject.m; sourceTree = "<group>"; };
		633978CA2127184200056838 /* ROUBlankViewController.h */ = {isa = PBXFileReference; fileEncoding = 4; lastKnownFileType = sourcecode.c.h; path = ROUBlankViewController.h; sourceTree = "<group>"; };
		633978CB2127184200056838 /* ROUBlankViewController.xib */ = {isa = PBXFileReference; fileEncoding = 4; lastKnownFileType = file.xib; path = ROUBlankViewController.xib; sourceTree = "<group>"; };
		633978CC2127184200056838 /* ROUWebViewController.m */ = {isa = PBXFileReference; fileEncoding = 4; lastKnownFileType = sourcecode.c.objc; path = ROUWebViewController.m; sourceTree = "<group>"; };
		633978CD2127184200056838 /* ROUNavigator.m */ = {isa = PBXFileReference; fileEncoding = 4; lastKnownFileType = sourcecode.c.objc; path = ROUNavigator.m; sourceTree = "<group>"; };
		633978CE2127184200056838 /* ROUWebViewController.xib */ = {isa = PBXFileReference; fileEncoding = 4; lastKnownFileType = file.xib; path = ROUWebViewController.xib; sourceTree = "<group>"; };
		633978CF2127184200056838 /* ROUWebViewController.h */ = {isa = PBXFileReference; fileEncoding = 4; lastKnownFileType = sourcecode.c.h; path = ROUWebViewController.h; sourceTree = "<group>"; };
		633978D02127184200056838 /* ROUBlankViewController.m */ = {isa = PBXFileReference; fileEncoding = 4; lastKnownFileType = sourcecode.c.objc; path = ROUBlankViewController.m; sourceTree = "<group>"; };
		633978D12127184200056838 /* ROUNavigator.h */ = {isa = PBXFileReference; fileEncoding = 4; lastKnownFileType = sourcecode.c.h; path = ROUNavigator.h; sourceTree = "<group>"; };
		633978D32127184200056838 /* route.plist */ = {isa = PBXFileReference; fileEncoding = 4; lastKnownFileType = text.plist.xml; path = route.plist; sourceTree = "<group>"; };
		633978D42127184200056838 /* Configuration.h */ = {isa = PBXFileReference; fileEncoding = 4; lastKnownFileType = sourcecode.c.h; path = Configuration.h; sourceTree = "<group>"; };
		633978D62127184200056838 /* NSURL+Addition.h */ = {isa = PBXFileReference; fileEncoding = 4; lastKnownFileType = sourcecode.c.h; path = "NSURL+Addition.h"; sourceTree = "<group>"; };
		633978D72127184200056838 /* NSURL+Addition.m */ = {isa = PBXFileReference; fileEncoding = 4; lastKnownFileType = sourcecode.c.objc; path = "NSURL+Addition.m"; sourceTree = "<group>"; };
		633978D92127184200056838 /* ROURouter.m */ = {isa = PBXFileReference; fileEncoding = 4; lastKnownFileType = sourcecode.c.objc; path = ROURouter.m; sourceTree = "<group>"; };
		633978DA2127184200056838 /* ROUEntery.m */ = {isa = PBXFileReference; fileEncoding = 4; lastKnownFileType = sourcecode.c.objc; path = ROUEntery.m; sourceTree = "<group>"; };
		633978DB2127184200056838 /* ROURouter.h */ = {isa = PBXFileReference; fileEncoding = 4; lastKnownFileType = sourcecode.c.h; path = ROURouter.h; sourceTree = "<group>"; };
		633978DC2127184200056838 /* ROUEntery.h */ = {isa = PBXFileReference; fileEncoding = 4; lastKnownFileType = sourcecode.c.h; path = ROUEntery.h; sourceTree = "<group>"; };
/* End PBXFileReference section */

/* Begin PBXFrameworksBuildPhase section */
		4E587ADD203E6C8900F1420F /* Frameworks */ = {
			isa = PBXFrameworksBuildPhase;
			buildActionMask = 2147483647;
			files = (
			);
			runOnlyForDeploymentPostprocessing = 0;
		};
/* End PBXFrameworksBuildPhase section */

/* Begin PBXGroup section */
		4E00D0BB203FEDEE003DEB78 /* PresentVC */ = {
			isa = PBXGroup;
			children = (
				4E00D0BD203FEE26003DEB78 /* PresentViewController.h */,
				4E00D0BE203FEE26003DEB78 /* PresentViewController.m */,
				4E00D0BF203FEE26003DEB78 /* PresentViewController.xib */,
			);
			path = PresentVC;
			sourceTree = "<group>";
		};
		4E00D0BC203FEDFB003DEB78 /* PushVC */ = {
			isa = PBXGroup;
			children = (
				4E00D0C2203FEE36003DEB78 /* PushViewController.h */,
				4E00D0C3203FEE36003DEB78 /* PushViewController.m */,
				4E00D0C4203FEE36003DEB78 /* PushViewController.xib */,
			);
			path = PushVC;
			sourceTree = "<group>";
		};
		4E587AD7203E6C8900F1420F = {
			isa = PBXGroup;
			children = (
				4E587AE2203E6C8900F1420F /* route */,
				4E587AE1203E6C8900F1420F /* Products */,
			);
			sourceTree = "<group>";
		};
		4E587AE1203E6C8900F1420F /* Products */ = {
			isa = PBXGroup;
			children = (
				4E587AE0203E6C8900F1420F /* route.app */,
			);
			name = Products;
			sourceTree = "<group>";
		};
		4E587AE2203E6C8900F1420F /* route */ = {
			isa = PBXGroup;
			children = (
				633978C82127184200056838 /* Core */,
				4E00D0BC203FEDFB003DEB78 /* PushVC */,
				4E00D0BB203FEDEE003DEB78 /* PresentVC */,
				4E7C2AA5203EB513001E069E /* Detail */,
				4E7C2AA4203EB507001E069E /* List */,
				4E587AE3203E6C8900F1420F /* AppDelegate.h */,
				4E587AE4203E6C8900F1420F /* AppDelegate.m */,
				4E587AEC203E6C8900F1420F /* Assets.xcassets */,
				4E587AEE203E6C8900F1420F /* LaunchScreen.storyboard */,
				4E587AF1203E6C8900F1420F /* Info.plist */,
				4E587AF2203E6C8900F1420F /* main.m */,
			);
			path = route;
			sourceTree = "<group>";
		};
		4E7C2AA4203EB507001E069E /* List */ = {
			isa = PBXGroup;
			children = (
				4E7C2AA8203EB52D001E069E /* ListViewController.h */,
				4E7C2AA7203EB52D001E069E /* ListViewController.m */,
				4E7C2AA6203EB52D001E069E /* ListViewController.xib */,
				4E7C2AB0203EB670001E069E /* ListTableViewObject.h */,
				4E7C2AB1203EB670001E069E /* ListTableViewObject.m */,
			);
			path = List;
			sourceTree = "<group>";
		};
		4E7C2AA5203EB513001E069E /* Detail */ = {
			isa = PBXGroup;
			children = (
				4E7C2AAB203EB53C001E069E /* DetailViewController.h */,
				4E7C2AAC203EB53C001E069E /* DetailViewController.m */,
				4E7C2AAD203EB53C001E069E /* DetailViewController.xib */,
			);
			path = Detail;
			sourceTree = "<group>";
		};
		633978C82127184200056838 /* Core */ = {
			isa = PBXGroup;
			children = (
				633978C92127184200056838 /* UI */,
				633978D22127184200056838 /* Config */,
				633978D52127184200056838 /* Utils */,
				633978D82127184200056838 /* Base */,
			);
			name = Core;
			path = ../../Core;
			sourceTree = "<group>";
		};
		633978C92127184200056838 /* UI */ = {
			isa = PBXGroup;
			children = (
				633978CA2127184200056838 /* ROUBlankViewController.h */,
				633978D02127184200056838 /* ROUBlankViewController.m */,
				633978CB2127184200056838 /* ROUBlankViewController.xib */,
				633978CD2127184200056838 /* ROUNavigator.m */,
				633978CF2127184200056838 /* ROUWebViewController.h */,
				633978CC2127184200056838 /* ROUWebViewController.m */,
				633978CE2127184200056838 /* ROUWebViewController.xib */,
				633978D12127184200056838 /* ROUNavigator.h */,
			);
			path = UI;
			sourceTree = "<group>";
		};
		633978D22127184200056838 /* Config */ = {
			isa = PBXGroup;
			children = (
				633978D32127184200056838 /* route.plist */,
				633978D42127184200056838 /* Configuration.h */,
			);
			path = Config;
			sourceTree = "<group>";
		};
		633978D52127184200056838 /* Utils */ = {
			isa = PBXGroup;
			children = (
				633978D62127184200056838 /* NSURL+Addition.h */,
				633978D72127184200056838 /* NSURL+Addition.m */,
			);
			path = Utils;
			sourceTree = "<group>";
		};
		633978D82127184200056838 /* Base */ = {
			isa = PBXGroup;
			children = (
				633978DB2127184200056838 /* ROURouter.h */,
				633978D92127184200056838 /* ROURouter.m */,
				633978DC2127184200056838 /* ROUEntery.h */,
				633978DA2127184200056838 /* ROUEntery.m */,
			);
			path = Base;
			sourceTree = "<group>";
		};
/* End PBXGroup section */

/* Begin PBXNativeTarget section */
		4E587ADF203E6C8900F1420F /* route */ = {
			isa = PBXNativeTarget;
			buildConfigurationList = 4E587AF6203E6C8900F1420F /* Build configuration list for PBXNativeTarget "route" */;
			buildPhases = (
				4E587ADC203E6C8900F1420F /* Sources */,
				4E587ADD203E6C8900F1420F /* Frameworks */,
				4E587ADE203E6C8900F1420F /* Resources */,
			);
			buildRules = (
			);
			dependencies = (
			);
			name = route;
			productName = route;
			productReference = 4E587AE0203E6C8900F1420F /* route.app */;
			productType = "com.apple.product-type.application";
		};
/* End PBXNativeTarget section */

/* Begin PBXProject section */
		4E587AD8203E6C8900F1420F /* Project object */ = {
			isa = PBXProject;
			attributes = {
				LastUpgradeCheck = 1030;
				ORGANIZATIONNAME = hanjiatong;
				TargetAttributes = {
					4E587ADF203E6C8900F1420F = {
						CreatedOnToolsVersion = 9.2;
						ProvisioningStyle = Automatic;
					};
				};
			};
			buildConfigurationList = 4E587ADB203E6C8900F1420F /* Build configuration list for PBXProject "route" */;
			compatibilityVersion = "Xcode 8.0";
			developmentRegion = en;
			hasScannedForEncodings = 0;
			knownRegions = (
				en,
				Base,
			);
			mainGroup = 4E587AD7203E6C8900F1420F;
			productRefGroup = 4E587AE1203E6C8900F1420F /* Products */;
			projectDirPath = "";
			projectRoot = "";
			targets = (
				4E587ADF203E6C8900F1420F /* route */,
			);
		};
/* End PBXProject section */

/* Begin PBXResourcesBuildPhase section */
		4E587ADE203E6C8900F1420F /* Resources */ = {
			isa = PBXResourcesBuildPhase;
			buildActionMask = 2147483647;
			files = (
				4E7C2AAF203EB53C001E069E /* DetailViewController.xib in Resources */,
				4E587AF0203E6C8900F1420F /* LaunchScreen.storyboard in Resources */,
				4E7C2AA9203EB52D001E069E /* ListViewController.xib in Resources */,
				4E00D0C6203FEE36003DEB78 /* PushViewController.xib in Resources */,
				633978E02127184200056838 /* ROUWebViewController.xib in Resources */,
				4E00D0C1203FEE26003DEB78 /* PresentViewController.xib in Resources */,
				633978E22127184200056838 /* route.plist in Resources */,
				4E587AED203E6C8900F1420F /* Assets.xcassets in Resources */,
				633978DD2127184200056838 /* ROUBlankViewController.xib in Resources */,
			);
			runOnlyForDeploymentPostprocessing = 0;
		};
/* End PBXResourcesBuildPhase section */

/* Begin PBXSourcesBuildPhase section */
		4E587ADC203E6C8900F1420F /* Sources */ = {
			isa = PBXSourcesBuildPhase;
			buildActionMask = 2147483647;
			files = (
				633978DF2127184200056838 /* ROUNavigator.m in Sources */,
				4E587AF3203E6C8900F1420F /* main.m in Sources */,
				4E7C2AAA203EB52D001E069E /* ListViewController.m in Sources */,
				4E587AE5203E6C8900F1420F /* AppDelegate.m in Sources */,
				4E00D0C5203FEE36003DEB78 /* PushViewController.m in Sources */,
				633978DE2127184200056838 /* ROUWebViewController.m in Sources */,
				633978E32127184200056838 /* NSURL+Addition.m in Sources */,
				633978E12127184200056838 /* ROUBlankViewController.m in Sources */,
				4E7C2AB2203EB670001E069E /* ListTableViewObject.m in Sources */,
				633978E52127184200056838 /* ROUEntery.m in Sources */,
				633978E42127184200056838 /* ROURouter.m in Sources */,
				4E7C2AAE203EB53C001E069E /* DetailViewController.m in Sources */,
				4E00D0C0203FEE26003DEB78 /* PresentViewController.m in Sources */,
			);
			runOnlyForDeploymentPostprocessing = 0;
		};
/* End PBXSourcesBuildPhase section */

/* Begin PBXVariantGroup section */
		4E587AEE203E6C8900F1420F /* LaunchScreen.storyboard */ = {
			isa = PBXVariantGroup;
			children = (
				4E587AEF203E6C8900F1420F /* Base */,
			);
			name = LaunchScreen.storyboard;
			sourceTree = "<group>";
		};
/* End PBXVariantGroup section */

/* Begin XCBuildConfiguration section */
		4E587AF4203E6C8900F1420F /* Debug */ = {
			isa = XCBuildConfiguration;
			buildSettings = {
				ALWAYS_SEARCH_USER_PATHS = NO;
				CLANG_ANALYZER_NONNULL = YES;
				CLANG_ANALYZER_NUMBER_OBJECT_CONVERSION = YES_AGGRESSIVE;
				CLANG_CXX_LANGUAGE_STANDARD = "gnu++14";
				CLANG_CXX_LIBRARY = "libc++";
				CLANG_ENABLE_MODULES = YES;
				CLANG_ENABLE_OBJC_ARC = YES;
				CLANG_WARN_BLOCK_CAPTURE_AUTORELEASING = YES;
				CLANG_WARN_BOOL_CONVERSION = YES;
				CLANG_WARN_COMMA = YES;
				CLANG_WARN_CONSTANT_CONVERSION = YES;
				CLANG_WARN_DEPRECATED_OBJC_IMPLEMENTATIONS = YES;
				CLANG_WARN_DIRECT_OBJC_ISA_USAGE = YES_ERROR;
				CLANG_WARN_DOCUMENTATION_COMMENTS = YES;
				CLANG_WARN_EMPTY_BODY = YES;
				CLANG_WARN_ENUM_CONVERSION = YES;
				CLANG_WARN_INFINITE_RECURSION = YES;
				CLANG_WARN_INT_CONVERSION = YES;
				CLANG_WARN_NON_LITERAL_NULL_CONVERSION = YES;
				CLANG_WARN_OBJC_IMPLICIT_RETAIN_SELF = YES;
				CLANG_WARN_OBJC_LITERAL_CONVERSION = YES;
				CLANG_WARN_OBJC_ROOT_CLASS = YES_ERROR;
				CLANG_WARN_RANGE_LOOP_ANALYSIS = YES;
				CLANG_WARN_STRICT_PROTOTYPES = YES;
				CLANG_WARN_SUSPICIOUS_MOVE = YES;
				CLANG_WARN_UNGUARDED_AVAILABILITY = YES_AGGRESSIVE;
				CLANG_WARN_UNREACHABLE_CODE = YES;
				CLANG_WARN__DUPLICATE_METHOD_MATCH = YES;
				CODE_SIGN_IDENTITY = "iPhone Developer";
				COPY_PHASE_STRIP = NO;
				DEBUG_INFORMATION_FORMAT = dwarf;
				ENABLE_STRICT_OBJC_MSGSEND = YES;
				ENABLE_TESTABILITY = YES;
				GCC_C_LANGUAGE_STANDARD = gnu11;
				GCC_DYNAMIC_NO_PIC = NO;
				GCC_NO_COMMON_BLOCKS = YES;
				GCC_OPTIMIZATION_LEVEL = 0;
				GCC_PREPROCESSOR_DEFINITIONS = (
					"DEBUG=1",
					"$(inherited)",
				);
				GCC_WARN_64_TO_32_BIT_CONVERSION = YES;
				GCC_WARN_ABOUT_RETURN_TYPE = YES_ERROR;
				GCC_WARN_UNDECLARED_SELECTOR = YES;
				GCC_WARN_UNINITIALIZED_AUTOS = YES_AGGRESSIVE;
				GCC_WARN_UNUSED_FUNCTION = YES;
				GCC_WARN_UNUSED_VARIABLE = YES;
				IPHONEOS_DEPLOYMENT_TARGET = 11.2;
				MTL_ENABLE_DEBUG_INFO = YES;
				ONLY_ACTIVE_ARCH = YES;
				SDKROOT = iphoneos;
			};
			name = Debug;
		};
		4E587AF5203E6C8900F1420F /* Release */ = {
			isa = XCBuildConfiguration;
			buildSettings = {
				ALWAYS_SEARCH_USER_PATHS = NO;
				CLANG_ANALYZER_NONNULL = YES;
				CLANG_ANALYZER_NUMBER_OBJECT_CONVERSION = YES_AGGRESSIVE;
				CLANG_CXX_LANGUAGE_STANDARD = "gnu++14";
				CLANG_CXX_LIBRARY = "libc++";
				CLANG_ENABLE_MODULES = YES;
				CLANG_ENABLE_OBJC_ARC = YES;
				CLANG_WARN_BLOCK_CAPTURE_AUTORELEASING = YES;
				CLANG_WARN_BOOL_CONVERSION = YES;
				CLANG_WARN_COMMA = YES;
				CLANG_WARN_CONSTANT_CONVERSION = YES;
				CLANG_WARN_DEPRECATED_OBJC_IMPLEMENTATIONS = YES;
				CLANG_WARN_DIRECT_OBJC_ISA_USAGE = YES_ERROR;
				CLANG_WARN_DOCUMENTATION_COMMENTS = YES;
				CLANG_WARN_EMPTY_BODY = YES;
				CLANG_WARN_ENUM_CONVERSION = YES;
				CLANG_WARN_INFINITE_RECURSION = YES;
				CLANG_WARN_INT_CONVERSION = YES;
				CLANG_WARN_NON_LITERAL_NULL_CONVERSION = YES;
				CLANG_WARN_OBJC_IMPLICIT_RETAIN_SELF = YES;
				CLANG_WARN_OBJC_LITERAL_CONVERSION = YES;
				CLANG_WARN_OBJC_ROOT_CLASS = YES_ERROR;
				CLANG_WARN_RANGE_LOOP_ANALYSIS = YES;
				CLANG_WARN_STRICT_PROTOTYPES = YES;
				CLANG_WARN_SUSPICIOUS_MOVE = YES;
				CLANG_WARN_UNGUARDED_AVAILABILITY = YES_AGGRESSIVE;
				CLANG_WARN_UNREACHABLE_CODE = YES;
				CLANG_WARN__DUPLICATE_METHOD_MATCH = YES;
				CODE_SIGN_IDENTITY = "iPhone Developer";
				COPY_PHASE_STRIP = NO;
				DEBUG_INFORMATION_FORMAT = "dwarf-with-dsym";
				ENABLE_NS_ASSERTIONS = NO;
				ENABLE_STRICT_OBJC_MSGSEND = YES;
				GCC_C_LANGUAGE_STANDARD = gnu11;
				GCC_NO_COMMON_BLOCKS = YES;
				GCC_WARN_64_TO_32_BIT_CONVERSION = YES;
				GCC_WARN_ABOUT_RETURN_TYPE = YES_ERROR;
				GCC_WARN_UNDECLARED_SELECTOR = YES;
				GCC_WARN_UNINITIALIZED_AUTOS = YES_AGGRESSIVE;
				GCC_WARN_UNUSED_FUNCTION = YES;
				GCC_WARN_UNUSED_VARIABLE = YES;
				IPHONEOS_DEPLOYMENT_TARGET = 11.2;
				MTL_ENABLE_DEBUG_INFO = NO;
				SDKROOT = iphoneos;
				VALIDATE_PRODUCT = YES;
			};
			name = Release;
		};
		4E587AF7203E6C8900F1420F /* Debug */ = {
			isa = XCBuildConfiguration;
			buildSettings = {
				ASSETCATALOG_COMPILER_APPICON_NAME = AppIcon;
				CODE_SIGN_STYLE = Automatic;
				DEVELOPMENT_TEAM = JJZKLDSJ6B;
				INFOPLIST_FILE = route/Info.plist;
				IPHONEOS_DEPLOYMENT_TARGET = 8.0;
				LD_RUNPATH_SEARCH_PATHS = "$(inherited) @executable_path/Frameworks";
				PRODUCT_BUNDLE_IDENTIFIER = com.hanjiatong.route;
				PRODUCT_NAME = "$(TARGET_NAME)";
				TARGETED_DEVICE_FAMILY = "1,2";
			};
			name = Debug;
		};
		4E587AF8203E6C8900F1420F /* Release */ = {
			isa = XCBuildConfiguration;
			buildSettings = {
				ASSETCATALOG_COMPILER_APPICON_NAME = AppIcon;
				CODE_SIGN_STYLE = Automatic;
				DEVELOPMENT_TEAM = JJZKLDSJ6B;
				INFOPLIST_FILE = route/Info.plist;
				IPHONEOS_DEPLOYMENT_TARGET = 8.0;
				LD_RUNPATH_SEARCH_PATHS = "$(inherited) @executable_path/Frameworks";
				PRODUCT_BUNDLE_IDENTIFIER = com.hanjiatong.route;
				PRODUCT_NAME = "$(TARGET_NAME)";
				TARGETED_DEVICE_FAMILY = "1,2";
			};
			name = Release;
		};
/* End XCBuildConfiguration section */

/* Begin XCConfigurationList section */
		4E587ADB203E6C8900F1420F /* Build configuration list for PBXProject "route" */ = {
			isa = XCConfigurationList;
			buildConfigurations = (
				4E587AF4203E6C8900F1420F /* Debug */,
				4E587AF5203E6C8900F1420F /* Release */,
			);
			defaultConfigurationIsVisible = 0;
			defaultConfigurationName = Release;
		};
		4E587AF6203E6C8900F1420F /* Build configuration list for PBXNativeTarget "route" */ = {
			isa = XCConfigurationList;
			buildConfigurations = (
				4E587AF7203E6C8900F1420F /* Debug */,
				4E587AF8203E6C8900F1420F /* Release */,
			);
			defaultConfigurationIsVisible = 0;
			defaultConfigurationName = Release;
		};
/* End XCConfigurationList section */
	};
	rootObject = 4E587AD8203E6C8900F1420F /* Project object */;
}
